Microsoft Visual Studio Solution File, Format Version 12.00
# Visual Studio Version 16
VisualStudioVersion = 16.0.28729.10
MinimumVisualStudioVersion = 10.0.40219.1
Project("{2150E333-8FDC-42A3-9474-1A3956D46DE8}") = "src", "src", "{A8AA4F6A-B745-4D2B-801C-5F64C0202718}"
	ProjectSection(SolutionItems) = preProject
		src\Package.props = src\Package.props
	EndProjectSection
EndProject
Project("{9A19103F-16F7-4668-BE54-9A1E7A4F7556}") = "CLI", "src\CLI\CLI.csproj", "{701E58D6-0AC5-43F3-9C9F-241692B616D0}"
EndProject
Project("{2150E333-8FDC-42A3-9474-1A3956D46DE8}") = "tests", "tests", "{FE025684-5F84-471D-BBC9-0971E84B4838}"
EndProject
Project("{9A19103F-16F7-4668-BE54-9A1E7A4F7556}") = "docker-cli-example", "samples\docker-cli-example\docker-cli-example.csproj", "{8830D49D-92B3-4BFE-B747-59AE9F9C4AF4}"
EndProject
Project("{2150E333-8FDC-42A3-9474-1A3956D46DE8}") = "samples", "samples", "{AA28F6D0-4593-45D0-B2BE-774957C721C9}"
EndProject
Project("{9A19103F-16F7-4668-BE54-9A1E7A4F7556}") = "git-cli-example", "samples\git-cli-example\git-cli-example.csproj", "{1A074BCE-5346-41CE-B0E0-C443D51F76DF}"
EndProject
Project("{9A19103F-16F7-4668-BE54-9A1E7A4F7556}") = "cli-features-example", "samples\cli-features-example\cli-features-example.csproj", "{B1C6515A-2C08-42D4-82F7-C5C9F6D7CCFE}"
EndProject
Project("{9A19103F-16F7-4668-BE54-9A1E7A4F7556}") = "CLI.Terminal", "src\CLI.Terminal\CLI.Terminal.csproj", "{0587AE6A-DD32-4B9F-8890-609A1195AD0E}"
EndProject
Project("{9A19103F-16F7-4668-BE54-9A1E7A4F7556}") = "CLI.Parser", "src\CLI.Parser\CLI.Parser.csproj", "{BA71A76A-AFD1-4819-AEF4-23ED6B8E5323}"
EndProject
Project("{9A19103F-16F7-4668-BE54-9A1E7A4F7556}") = "CLI.Table", "src\CLI.Table\CLI.Table.csproj", "{16A6872F-F8C5-4E23-BC4A-535F4CDBC168}"
EndProject
Project("{9A19103F-16F7-4668-BE54-9A1E7A4F7556}") = "CLI.LiveUpdate", "src\CLI.LiveUpdate\CLI.LiveUpdate.csproj", "{92CBF160-D5EB-4306-A1DA-586B02CDE12B}"
EndProject
Project("{9A19103F-16F7-4668-BE54-9A1E7A4F7556}") = "CLI.Parser.Tests", "tests\CLI.Parser.Tests\CLI.Parser.Tests.csproj", "{690A56CE-FE11-4821-8085-803D11C77AE1}"
EndProject
Project("{9A19103F-16F7-4668-BE54-9A1E7A4F7556}") = "CLI.Terminal.Tests", "tests\CLI.Terminal.Tests\CLI.Terminal.Tests.csproj", "{7E873F40-F2E4-4CFA-9C48-144036A45145}"
EndProject
Global
	GlobalSection(SolutionConfigurationPlatforms) = preSolution
		Debug|Any CPU = Debug|Any CPU
		Debug|x64 = Debug|x64
		Debug|x86 = Debug|x86
		Release|Any CPU = Release|Any CPU
		Release|x64 = Release|x64
		Release|x86 = Release|x86
	EndGlobalSection
	GlobalSection(ProjectConfigurationPlatforms) = postSolution
		{701E58D6-0AC5-43F3-9C9F-241692B616D0}.Debug|Any CPU.ActiveCfg = Debug|Any CPU
		{701E58D6-0AC5-43F3-9C9F-241692B616D0}.Debug|Any CPU.Build.0 = Debug|Any CPU
		{701E58D6-0AC5-43F3-9C9F-241692B616D0}.Debug|x64.ActiveCfg = Debug|Any CPU
		{701E58D6-0AC5-43F3-9C9F-241692B616D0}.Debug|x64.Build.0 = Debug|Any CPU
		{701E58D6-0AC5-43F3-9C9F-241692B616D0}.Debug|x86.ActiveCfg = Debug|Any CPU
		{701E58D6-0AC5-43F3-9C9F-241692B616D0}.Debug|x86.Build.0 = Debug|Any CPU
		{701E58D6-0AC5-43F3-9C9F-241692B616D0}.Release|Any CPU.ActiveCfg = Release|Any CPU
		{701E58D6-0AC5-43F3-9C9F-241692B616D0}.Release|Any CPU.Build.0 = Release|Any CPU
		{701E58D6-0AC5-43F3-9C9F-241692B616D0}.Release|x64.ActiveCfg = Release|Any CPU
		{701E58D6-0AC5-43F3-9C9F-241692B616D0}.Release|x64.Build.0 = Release|Any CPU
		{701E58D6-0AC5-43F3-9C9F-241692B616D0}.Release|x86.ActiveCfg = Release|Any CPU
		{701E58D6-0AC5-43F3-9C9F-241692B616D0}.Release|x86.Build.0 = Release|Any CPU
		{8830D49D-92B3-4BFE-B747-59AE9F9C4AF4}.Debug|Any CPU.ActiveCfg = Debug|Any CPU
		{8830D49D-92B3-4BFE-B747-59AE9F9C4AF4}.Debug|Any CPU.Build.0 = Debug|Any CPU
		{8830D49D-92B3-4BFE-B747-59AE9F9C4AF4}.Debug|x64.ActiveCfg = Debug|Any CPU
		{8830D49D-92B3-4BFE-B747-59AE9F9C4AF4}.Debug|x64.Build.0 = Debug|Any CPU
		{8830D49D-92B3-4BFE-B747-59AE9F9C4AF4}.Debug|x86.ActiveCfg = Debug|Any CPU
		{8830D49D-92B3-4BFE-B747-59AE9F9C4AF4}.Debug|x86.Build.0 = Debug|Any CPU
		{8830D49D-92B3-4BFE-B747-59AE9F9C4AF4}.Release|Any CPU.ActiveCfg = Release|Any CPU
		{8830D49D-92B3-4BFE-B747-59AE9F9C4AF4}.Release|Any CPU.Build.0 = Release|Any CPU
		{8830D49D-92B3-4BFE-B747-59AE9F9C4AF4}.Release|x64.ActiveCfg = Release|Any CPU
		{8830D49D-92B3-4BFE-B747-59AE9F9C4AF4}.Release|x64.Build.0 = Release|Any CPU
		{8830D49D-92B3-4BFE-B747-59AE9F9C4AF4}.Release|x86.ActiveCfg = Release|Any CPU
		{8830D49D-92B3-4BFE-B747-59AE9F9C4AF4}.Release|x86.Build.0 = Release|Any CPU
		{1A074BCE-5346-41CE-B0E0-C443D51F76DF}.Debug|Any CPU.ActiveCfg = Debug|Any CPU
		{1A074BCE-5346-41CE-B0E0-C443D51F76DF}.Debug|Any CPU.Build.0 = Debug|Any CPU
		{1A074BCE-5346-41CE-B0E0-C443D51F76DF}.Debug|x64.ActiveCfg = Debug|Any CPU
		{1A074BCE-5346-41CE-B0E0-C443D51F76DF}.Debug|x64.Build.0 = Debug|Any CPU
		{1A074BCE-5346-41CE-B0E0-C443D51F76DF}.Debug|x86.ActiveCfg = Debug|Any CPU
		{1A074BCE-5346-41CE-B0E0-C443D51F76DF}.Debug|x86.Build.0 = Debug|Any CPU
		{1A074BCE-5346-41CE-B0E0-C443D51F76DF}.Release|Any CPU.ActiveCfg = Release|Any CPU
		{1A074BCE-5346-41CE-B0E0-C443D51F76DF}.Release|Any CPU.Build.0 = Release|Any CPU
		{1A074BCE-5346-41CE-B0E0-C443D51F76DF}.Release|x64.ActiveCfg = Release|Any CPU
		{1A074BCE-5346-41CE-B0E0-C443D51F76DF}.Release|x64.Build.0 = Release|Any CPU
		{1A074BCE-5346-41CE-B0E0-C443D51F76DF}.Release|x86.ActiveCfg = Release|Any CPU
		{1A074BCE-5346-41CE-B0E0-C443D51F76DF}.Release|x86.Build.0 = Release|Any CPU
		{B1C6515A-2C08-42D4-82F7-C5C9F6D7CCFE}.Debug|Any CPU.ActiveCfg = Debug|Any CPU
		{B1C6515A-2C08-42D4-82F7-C5C9F6D7CCFE}.Debug|Any CPU.Build.0 = Debug|Any CPU
		{B1C6515A-2C08-42D4-82F7-C5C9F6D7CCFE}.Debug|x64.ActiveCfg = Debug|Any CPU
		{B1C6515A-2C08-42D4-82F7-C5C9F6D7CCFE}.Debug|x64.Build.0 = Debug|Any CPU
		{B1C6515A-2C08-42D4-82F7-C5C9F6D7CCFE}.Debug|x86.ActiveCfg = Debug|Any CPU
		{B1C6515A-2C08-42D4-82F7-C5C9F6D7CCFE}.Debug|x86.Build.0 = Debug|Any CPU
		{B1C6515A-2C08-42D4-82F7-C5C9F6D7CCFE}.Release|Any CPU.ActiveCfg = Release|Any CPU
		{B1C6515A-2C08-42D4-82F7-C5C9F6D7CCFE}.Release|Any CPU.Build.0 = Release|Any CPU
		{B1C6515A-2C08-42D4-82F7-C5C9F6D7CCFE}.Release|x64.ActiveCfg = Release|Any CPU
		{B1C6515A-2C08-42D4-82F7-C5C9F6D7CCFE}.Release|x64.Build.0 = Release|Any CPU
		{B1C6515A-2C08-42D4-82F7-C5C9F6D7CCFE}.Release|x86.ActiveCfg = Release|Any CPU
		{B1C6515A-2C08-42D4-82F7-C5C9F6D7CCFE}.Release|x86.Build.0 = Release|Any CPU
		{0587AE6A-DD32-4B9F-8890-609A1195AD0E}.Debug|Any CPU.ActiveCfg = Debug|Any CPU
		{0587AE6A-DD32-4B9F-8890-609A1195AD0E}.Debug|Any CPU.Build.0 = Debug|Any CPU
		{0587AE6A-DD32-4B9F-8890-609A1195AD0E}.Debug|x64.ActiveCfg = Debug|Any CPU
		{0587AE6A-DD32-4B9F-8890-609A1195AD0E}.Debug|x64.Build.0 = Debug|Any CPU
		{0587AE6A-DD32-4B9F-8890-609A1195AD0E}.Debug|x86.ActiveCfg = Debug|Any CPU
		{0587AE6A-DD32-4B9F-8890-609A1195AD0E}.Debug|x86.Build.0 = Debug|Any CPU
		{0587AE6A-DD32-4B9F-8890-609A1195AD0E}.Release|Any CPU.ActiveCfg = Release|Any CPU
		{0587AE6A-DD32-4B9F-8890-609A1195AD0E}.Release|Any CPU.Build.0 = Release|Any CPU
		{0587AE6A-DD32-4B9F-8890-609A1195AD0E}.Release|x64.ActiveCfg = Release|Any CPU
		{0587AE6A-DD32-4B9F-8890-609A1195AD0E}.Release|x64.Build.0 = Release|Any CPU
		{0587AE6A-DD32-4B9F-8890-609A1195AD0E}.Release|x86.ActiveCfg = Release|Any CPU
		{0587AE6A-DD32-4B9F-8890-609A1195AD0E}.Release|x86.Build.0 = Release|Any CPU
		{BA71A76A-AFD1-4819-AEF4-23ED6B8E5323}.Debug|Any CPU.ActiveCfg = Debug|Any CPU
		{BA71A76A-AFD1-4819-AEF4-23ED6B8E5323}.Debug|Any CPU.Build.0 = Debug|Any CPU
		{BA71A76A-AFD1-4819-AEF4-23ED6B8E5323}.Debug|x64.ActiveCfg = Debug|Any CPU
		{BA71A76A-AFD1-4819-AEF4-23ED6B8E5323}.Debug|x64.Build.0 = Debug|Any CPU
		{BA71A76A-AFD1-4819-AEF4-23ED6B8E5323}.Debug|x86.ActiveCfg = Debug|Any CPU
		{BA71A76A-AFD1-4819-AEF4-23ED6B8E5323}.Debug|x86.Build.0 = Debug|Any CPU
		{BA71A76A-AFD1-4819-AEF4-23ED6B8E5323}.Release|Any CPU.ActiveCfg = Release|Any CPU
		{BA71A76A-AFD1-4819-AEF4-23ED6B8E5323}.Release|Any CPU.Build.0 = Release|Any CPU
		{BA71A76A-AFD1-4819-AEF4-23ED6B8E5323}.Release|x64.ActiveCfg = Release|Any CPU
		{BA71A76A-AFD1-4819-AEF4-23ED6B8E5323}.Release|x64.Build.0 = Release|Any CPU
		{BA71A76A-AFD1-4819-AEF4-23ED6B8E5323}.Release|x86.ActiveCfg = Release|Any CPU
		{BA71A76A-AFD1-4819-AEF4-23ED6B8E5323}.Release|x86.Build.0 = Release|Any CPU
		{16A6872F-F8C5-4E23-BC4A-535F4CDBC168}.Debug|Any CPU.ActiveCfg = Debug|Any CPU
		{16A6872F-F8C5-4E23-BC4A-535F4CDBC168}.Debug|Any CPU.Build.0 = Debug|Any CPU
		{16A6872F-F8C5-4E23-BC4A-535F4CDBC168}.Debug|x64.ActiveCfg = Debug|Any CPU
		{16A6872F-F8C5-4E23-BC4A-535F4CDBC168}.Debug|x64.Build.0 = Debug|Any CPU
		{16A6872F-F8C5-4E23-BC4A-535F4CDBC168}.Debug|x86.ActiveCfg = Debug|Any CPU
		{16A6872F-F8C5-4E23-BC4A-535F4CDBC168}.Debug|x86.Build.0 = Debug|Any CPU
		{16A6872F-F8C5-4E23-BC4A-535F4CDBC168}.Release|Any CPU.ActiveCfg = Release|Any CPU
		{16A6872F-F8C5-4E23-BC4A-535F4CDBC168}.Release|Any CPU.Build.0 = Release|Any CPU
		{16A6872F-F8C5-4E23-BC4A-535F4CDBC168}.Release|x64.ActiveCfg = Release|Any CPU
		{16A6872F-F8C5-4E23-BC4A-535F4CDBC168}.Release|x64.Build.0 = Release|Any CPU
		{16A6872F-F8C5-4E23-BC4A-535F4CDBC168}.Release|x86.ActiveCfg = Release|Any CPU
		{16A6872F-F8C5-4E23-BC4A-535F4CDBC168}.Release|x86.Build.0 = Release|Any CPU
		{92CBF160-D5EB-4306-A1DA-586B02CDE12B}.Debug|Any CPU.ActiveCfg = Debug|Any CPU
		{92CBF160-D5EB-4306-A1DA-586B02CDE12B}.Debug|Any CPU.Build.0 = Debug|Any CPU
		{92CBF160-D5EB-4306-A1DA-586B02CDE12B}.Debug|x64.ActiveCfg = Debug|Any CPU
		{92CBF160-D5EB-4306-A1DA-586B02CDE12B}.Debug|x64.Build.0 = Debug|Any CPU
		{92CBF160-D5EB-4306-A1DA-586B02CDE12B}.Debug|x86.ActiveCfg = Debug|Any CPU
		{92CBF160-D5EB-4306-A1DA-586B02CDE12B}.Debug|x86.Build.0 = Debug|Any CPU
		{92CBF160-D5EB-4306-A1DA-586B02CDE12B}.Release|Any CPU.ActiveCfg = Release|Any CPU
		{92CBF160-D5EB-4306-A1DA-586B02CDE12B}.Release|Any CPU.Build.0 = Release|Any CPU
		{92CBF160-D5EB-4306-A1DA-586B02CDE12B}.Release|x64.ActiveCfg = Release|Any CPU
		{92CBF160-D5EB-4306-A1DA-586B02CDE12B}.Release|x64.Build.0 = Release|Any CPU
		{92CBF160-D5EB-4306-A1DA-586B02CDE12B}.Release|x86.ActiveCfg = Release|Any CPU
		{92CBF160-D5EB-4306-A1DA-586B02CDE12B}.Release|x86.Build.0 = Release|Any CPU
		{690A56CE-FE11-4821-8085-803D11C77AE1}.Debug|Any CPU.ActiveCfg = Debug|Any CPU
		{690A56CE-FE11-4821-8085-803D11C77AE1}.Debug|Any CPU.Build.0 = Debug|Any CPU
		{690A56CE-FE11-4821-8085-803D11C77AE1}.Debug|x64.ActiveCfg = Debug|Any CPU
		{690A56CE-FE11-4821-8085-803D11C77AE1}.Debug|x64.Build.0 = Debug|Any CPU
		{690A56CE-FE11-4821-8085-803D11C77AE1}.Debug|x86.ActiveCfg = Debug|Any CPU
		{690A56CE-FE11-4821-8085-803D11C77AE1}.Debug|x86.Build.0 = Debug|Any CPU
		{690A56CE-FE11-4821-8085-803D11C77AE1}.Release|Any CPU.ActiveCfg = Release|Any CPU
		{690A56CE-FE11-4821-8085-803D11C77AE1}.Release|Any CPU.Build.0 = Release|Any CPU
		{690A56CE-FE11-4821-8085-803D11C77AE1}.Release|x64.ActiveCfg = Release|Any CPU
		{690A56CE-FE11-4821-8085-803D11C77AE1}.Release|x64.Build.0 = Release|Any CPU
		{690A56CE-FE11-4821-8085-803D11C77AE1}.Release|x86.ActiveCfg = Release|Any CPU
		{690A56CE-FE11-4821-8085-803D11C77AE1}.Release|x86.Build.0 = Release|Any CPU
		{7E873F40-F2E4-4CFA-9C48-144036A45145}.Debug|Any CPU.ActiveCfg = Debug|Any CPU
		{7E873F40-F2E4-4CFA-9C48-144036A45145}.Debug|Any CPU.Build.0 = Debug|Any CPU
		{7E873F40-F2E4-4CFA-9C48-144036A45145}.Debug|x64.ActiveCfg = Debug|Any CPU
		{7E873F40-F2E4-4CFA-9C48-144036A45145}.Debug|x64.Build.0 = Debug|Any CPU
		{7E873F40-F2E4-4CFA-9C48-144036A45145}.Debug|x86.ActiveCfg = Debug|Any CPU
		{7E873F40-F2E4-4CFA-9C48-144036A45145}.Debug|x86.Build.0 = Debug|Any CPU
		{7E873F40-F2E4-4CFA-9C48-144036A45145}.Release|Any CPU.ActiveCfg = Release|Any CPU
		{7E873F40-F2E4-4CFA-9C48-144036A45145}.Release|Any CPU.Build.0 = Release|Any CPU
		{7E873F40-F2E4-4CFA-9C48-144036A45145}.Release|x64.ActiveCfg = Release|Any CPU
		{7E873F40-F2E4-4CFA-9C48-144036A45145}.Release|x64.Build.0 = Release|Any CPU
		{7E873F40-F2E4-4CFA-9C48-144036A45145}.Release|x86.ActiveCfg = Release|Any CPU
		{7E873F40-F2E4-4CFA-9C48-144036A45145}.Release|x86.Build.0 = Release|Any CPU
	EndGlobalSection
	GlobalSection(SolutionProperties) = preSolution
		HideSolutionNode = FALSE
	EndGlobalSection
	GlobalSection(NestedProjects) = preSolution
		{701E58D6-0AC5-43F3-9C9F-241692B616D0} = {A8AA4F6A-B745-4D2B-801C-5F64C0202718}
		{8830D49D-92B3-4BFE-B747-59AE9F9C4AF4} = {AA28F6D0-4593-45D0-B2BE-774957C721C9}
		{1A074BCE-5346-41CE-B0E0-C443D51F76DF} = {AA28F6D0-4593-45D0-B2BE-774957C721C9}
		{B1C6515A-2C08-42D4-82F7-C5C9F6D7CCFE} = {AA28F6D0-4593-45D0-B2BE-774957C721C9}
		{0587AE6A-DD32-4B9F-8890-609A1195AD0E} = {A8AA4F6A-B745-4D2B-801C-5F64C0202718}
		{BA71A76A-AFD1-4819-AEF4-23ED6B8E5323} = {A8AA4F6A-B745-4D2B-801C-5F64C0202718}
		{16A6872F-F8C5-4E23-BC4A-535F4CDBC168} = {A8AA4F6A-B745-4D2B-801C-5F64C0202718}
		{92CBF160-D5EB-4306-A1DA-586B02CDE12B} = {A8AA4F6A-B745-4D2B-801C-5F64C0202718}
		{690A56CE-FE11-4821-8085-803D11C77AE1} = {FE025684-5F84-471D-BBC9-0971E84B4838}
		{7E873F40-F2E4-4CFA-9C48-144036A45145} = {FE025684-5F84-471D-BBC9-0971E84B4838}
	EndGlobalSection
	GlobalSection(ExtensibilityGlobals) = postSolution
		SolutionGuid = {1CCE4B90-2B1F-46F9-ABBB-CFC07E81E9EE}
	EndGlobalSection
EndGlobal
