Microsoft Visual Studio Solution File, Format Version 12.00
# Visual Studio 15
VisualStudioVersion = 15.0.26730.12
MinimumVisualStudioVersion = 10.0.40219.1
Project("{2150E333-8FDC-42A3-9474-1A3956D46DE8}") = "src", "src", "{A8AA4F6A-B745-4D2B-801C-5F64C0202718}"
EndProject
Project("{2150E333-8FDC-42A3-9474-1A3956D46DE8}") = "Solution Items", "Solution Items", "{3830325F-81A0-45C9-AB51-E3096E307BD7}"
	ProjectSection(SolutionItems) = preProject
		.gitattributes = .gitattributes
		.gitignore = .gitignore
		appveyor.yml = appveyor.yml
		build.ps1 = build.ps1
		LICENSE = LICENSE
		README.md = README.md
	EndProjectSection
EndProject
Project("{9A19103F-16F7-4668-BE54-9A1E7A4F7556}") = "ITGlobal.CLI", "src\ITGlobal.CLI\ITGlobal.CLI.csproj", "{701E58D6-0AC5-43F3-9C9F-241692B616D0}"
EndProject
Project("{9A19103F-16F7-4668-BE54-9A1E7A4F7556}") = "ITGlobal.CLI.Example", "src\ITGlobal.CLI.Example\ITGlobal.CLI.Example.csproj", "{55CD719E-A9A4-486F-93C5-E5C16D1FDBDF}"
EndProject
Global
	GlobalSection(SolutionConfigurationPlatforms) = preSolution
		Debug|Any CPU = Debug|Any CPU
		Debug|x64 = Debug|x64
		Debug|x86 = Debug|x86
		Release|Any CPU = Release|Any CPU
		Release|x64 = Release|x64
		Release|x86 = Release|x86
	EndGlobalSection
	GlobalSection(ProjectConfigurationPlatforms) = postSolution
		{701E58D6-0AC5-43F3-9C9F-241692B616D0}.Debug|Any CPU.ActiveCfg = Debug|Any CPU
		{701E58D6-0AC5-43F3-9C9F-241692B616D0}.Debug|Any CPU.Build.0 = Debug|Any CPU
		{701E58D6-0AC5-43F3-9C9F-241692B616D0}.Debug|x64.ActiveCfg = Debug|Any CPU
		{701E58D6-0AC5-43F3-9C9F-241692B616D0}.Debug|x64.Build.0 = Debug|Any CPU
		{701E58D6-0AC5-43F3-9C9F-241692B616D0}.Debug|x86.ActiveCfg = Debug|Any CPU
		{701E58D6-0AC5-43F3-9C9F-241692B616D0}.Debug|x86.Build.0 = Debug|Any CPU
		{701E58D6-0AC5-43F3-9C9F-241692B616D0}.Release|Any CPU.ActiveCfg = Release|Any CPU
		{701E58D6-0AC5-43F3-9C9F-241692B616D0}.Release|Any CPU.Build.0 = Release|Any CPU
		{701E58D6-0AC5-43F3-9C9F-241692B616D0}.Release|x64.ActiveCfg = Release|Any CPU
		{701E58D6-0AC5-43F3-9C9F-241692B616D0}.Release|x64.Build.0 = Release|Any CPU
		{701E58D6-0AC5-43F3-9C9F-241692B616D0}.Release|x86.ActiveCfg = Release|Any CPU
		{701E58D6-0AC5-43F3-9C9F-241692B616D0}.Release|x86.Build.0 = Release|Any CPU
		{55CD719E-A9A4-486F-93C5-E5C16D1FDBDF}.Debug|Any CPU.ActiveCfg = Debug|Any CPU
		{55CD719E-A9A4-486F-93C5-E5C16D1FDBDF}.Debug|Any CPU.Build.0 = Debug|Any CPU
		{55CD719E-A9A4-486F-93C5-E5C16D1FDBDF}.Debug|x64.ActiveCfg = Debug|Any CPU
		{55CD719E-A9A4-486F-93C5-E5C16D1FDBDF}.Debug|x64.Build.0 = Debug|Any CPU
		{55CD719E-A9A4-486F-93C5-E5C16D1FDBDF}.Debug|x86.ActiveCfg = Debug|Any CPU
		{55CD719E-A9A4-486F-93C5-E5C16D1FDBDF}.Debug|x86.Build.0 = Debug|Any CPU
		{55CD719E-A9A4-486F-93C5-E5C16D1FDBDF}.Release|Any CPU.ActiveCfg = Release|Any CPU
		{55CD719E-A9A4-486F-93C5-E5C16D1FDBDF}.Release|Any CPU.Build.0 = Release|Any CPU
		{55CD719E-A9A4-486F-93C5-E5C16D1FDBDF}.Release|x64.ActiveCfg = Release|Any CPU
		{55CD719E-A9A4-486F-93C5-E5C16D1FDBDF}.Release|x64.Build.0 = Release|Any CPU
		{55CD719E-A9A4-486F-93C5-E5C16D1FDBDF}.Release|x86.ActiveCfg = Release|Any CPU
		{55CD719E-A9A4-486F-93C5-E5C16D1FDBDF}.Release|x86.Build.0 = Release|Any CPU
	EndGlobalSection
	GlobalSection(SolutionProperties) = preSolution
		HideSolutionNode = FALSE
	EndGlobalSection
	GlobalSection(NestedProjects) = preSolution
		{701E58D6-0AC5-43F3-9C9F-241692B616D0} = {A8AA4F6A-B745-4D2B-801C-5F64C0202718}
		{55CD719E-A9A4-486F-93C5-E5C16D1FDBDF} = {A8AA4F6A-B745-4D2B-801C-5F64C0202718}
	EndGlobalSection
	GlobalSection(ExtensibilityGlobals) = postSolution
		SolutionGuid = {1CCE4B90-2B1F-46F9-ABBB-CFC07E81E9EE}
	EndGlobalSection
EndGlobal
